schema: '2.0'
stages:
  load_data:
    cmd: python src/load_data.py --config=params.yaml
    deps:
    - path: data_given/winequality.csv
      md5: ccc8d3507eb151f53f760d36abdef888
      size: 91998
    - path: src/get_data.py
      md5: b65630817fd7a6c1d5f1239548175d05
      size: 671
    - path: src/load_data.py
      md5: 60f56a1b141357d5257bc55cba074055
      size: 651
    outs:
    - path: data/raw/winequality.csv
      md5: d98e8f2eca228c11c4de1cc96866a54d
      size: 91998
  split_data:
    cmd: python src/split_data.py --config=params.yaml
    deps:
    - path: data/raw/winequality.csv
      md5: d98e8f2eca228c11c4de1cc96866a54d
      size: 91998
    - path: src/split_data.py
      md5: 88f87c2e2c116bd5b2043ab26618d33a
      size: 1017
    outs:
    - path: data/processed/test_winequality.csv
      md5: 4bccf4d668cdc60115de42ba74d416ab
      size: 73633
    - path: data/processed/train_winequality.csv
      md5: 01718da3bd6e206060ed00667ca1a389
      size: 18510
  train_and_evaluate:
    cmd: python src/train_and_evaluate.py --config=params.yaml
    deps:
    - path: data/processed/test_winequality.csv
      md5: 4bccf4d668cdc60115de42ba74d416ab
      size: 73633
    - path: data/processed/train_winequality.csv
      md5: 01718da3bd6e206060ed00667ca1a389
      size: 18510
    - path: src/train_and_evaluate.py
      md5: 2278d87121a14dd038ba6c2c147092ea
      size: 2478
    params:
      params.yaml:
        estimators.ElasticNet.params.alpha: 0.9
        estimators.ElasticNet.params.l1_ratio: 0.4
    outs:
    - path: report/params.json
      md5: a4aab0167612f21a6085dd05cfafdbf6
      size: 41
    - path: report/scores.json
      md5: 8d1946bae609070b389a48d1062b6bb0
      size: 96
    - path: saved_models/model.joblib
      md5: d434a515e860662c4c2f566bd996aabd
      size: 722
